
Microsoft Visual Studio Solution File, Format Version 12.00
# Visual Studio Version 17
VisualStudioVersion = 17.13.35828.75 d17.13
MinimumVisualStudioVersion = 10.0.40219.1
Project("{FAE04EC0-301F-11D3-BF4B-00C04F79EFBC}") = "UdpServerExample", "UdpServerExample.csproj", "{ABEB141A-9CD8-44B9-911D-A0B2434F4FD9}"
EndProject
Global
	GlobalSection(SolutionConfigurationPlatforms) = preSolution
		Debug|Any CPU = Debug|Any CPU
		Release|Any CPU = Release|Any CPU
	EndGlobalSection
	GlobalSection(ProjectConfigurationPlatforms) = postSolution
		{ABEB141A-9CD8-44B9-911D-A0B2434F4FD9}.Debug|Any CPU.ActiveCfg = Debug|Any CPU
		{ABEB141A-9CD8-44B9-911D-A0B2434F4FD9}.Debug|Any CPU.Build.0 = Debug|Any CPU
		{ABEB141A-9CD8-44B9-911D-A0B2434F4FD9}.Release|Any CPU.ActiveCfg = Release|Any CPU
		{ABEB141A-9CD8-44B9-911D-A0B2434F4FD9}.Release|Any CPU.Build.0 = Release|Any CPU
	EndGlobalSection
	GlobalSection(SolutionProperties) = preSolution
		HideSolutionNode = FALSE
	EndGlobalSection
	GlobalSection(ExtensibilityGlobals) = postSolution
		SolutionGuid = {0F21C997-D528-4E78-8B01-7BE728F5D77C}
	EndGlobalSection
EndGlobal
